
Microsoft Visual Studio Solution File, Format Version 12.00
# Visual Studio 15
VisualStudioVersion = 15.0.28010.2041
MinimumVisualStudioVersion = 10.0.40219.1
Project("{FAE04EC0-301F-11D3-BF4B-00C04F79EFBC}") = "2GISGID", "2GISGID.csproj", "{03482AE7-4ED6-41E7-BF21-D4C9E92159DA}"
EndProject
Global
	GlobalSection(SolutionConfigurationPlatforms) = preSolution
		Debug|Any CPU = Debug|Any CPU
		Release|Any CPU = Release|Any CPU
	EndGlobalSection
	GlobalSection(ProjectConfigurationPlatforms) = postSolution
		{03482AE7-4ED6-41E7-BF21-D4C9E92159DA}.Debug|Any CPU.ActiveCfg = Debug|Any CPU
		{03482AE7-4ED6-41E7-BF21-D4C9E92159DA}.Debug|Any CPU.Build.0 = Debug|Any CPU
		{03482AE7-4ED6-41E7-BF21-D4C9E92159DA}.Release|Any CPU.ActiveCfg = Release|Any CPU
		{03482AE7-4ED6-41E7-BF21-D4C9E92159DA}.Release|Any CPU.Build.0 = Release|Any CPU
	EndGlobalSection
	GlobalSection(SolutionProperties) = preSolution
		HideSolutionNode = FALSE
	EndGlobalSection
	GlobalSection(ExtensibilityGlobals) = postSolution
		SolutionGuid = {50428505-E814-4D7B-84C6-BE3300620A18}
	EndGlobalSection
EndGlobal
